
Microsoft Visual Studio Solution File, Format Version 12.00
# Visual Studio Version 16
VisualStudioVersion = 16.0.29920.165
MinimumVisualStudioVersion = 10.0.40219.1
Project("{FAE04EC0-301F-11D3-BF4B-00C04F79EFBC}") = "ProjectBlood", "ProjectBlood.csproj", "{0C30C2DF-4365-4E52-9323-740275529299}"
EndProject
Global
	GlobalSection(SolutionConfigurationPlatforms) = preSolution
		Debug|Any CPU = Debug|Any CPU
		Release|Any CPU = Release|Any CPU
	EndGlobalSection
	GlobalSection(ProjectConfigurationPlatforms) = postSolution
		{0C30C2DF-4365-4E52-9323-740275529299}.Debug|Any CPU.ActiveCfg = Debug|Any CPU
		{0C30C2DF-4365-4E52-9323-740275529299}.Debug|Any CPU.Build.0 = Debug|Any CPU
		{0C30C2DF-4365-4E52-9323-740275529299}.Release|Any CPU.ActiveCfg = Release|Any CPU
		{0C30C2DF-4365-4E52-9323-740275529299}.Release|Any CPU.Build.0 = Release|Any CPU
	EndGlobalSection
	GlobalSection(SolutionProperties) = preSolution
		HideSolutionNode = FALSE
	EndGlobalSection
	GlobalSection(ExtensibilityGlobals) = postSolution
		SolutionGuid = {F645CFFB-D554-4363-AFD2-D3C5E2F3B2B1}
	EndGlobalSection
EndGlobal
